{
  "pins" : [
    {
      "identity" : "swift-http-client",
      "kind" : "remoteSourceControl",
      "location" : "https://github.com/danielsafronov/swift-http-client.git",
      "state" : {
        "branch" : "main",
        "revision" : "86a1387553392800eead01b7c7e1ae1e17372d29"
      }
    },
    {
      "identity" : "swift-service-locator",
      "kind" : "remoteSourceControl",
      "location" : "https://github.com/danielsafronov/swift-service-locator.git",
      "state" : {
        "branch" : "main",
        "revision" : "d1cf01c294a1e23517def8edf45f79f3c6d1fb3c"
      }
    }
  ],
  "version" : 2
}
